[root]
name = "img-dup"
version = "0.3.0"
dependencies = [
 "img_hash 0.0.3 (git+https://github.com/cybergeek94/img_hash.git)",
 "time 0.1.1 (git+https://github.com/rust-lang/time.git)",
]

[[package]]
name = "gcc"
version = "0.1.0"
source = "git+https://github.com/alexcrichton/gcc-rs#3caf7309ef72644cd56a9d3a6f515ae553683176"

[[package]]
name = "image"
version = "0.2.0-alpha.2"
source = "git+https://github.com/PistonDevelopers/image.git#88776a6cfd616a54237381aa1e458dc6e4bcb8ef"

[[package]]
name = "img_hash"
version = "0.0.3"
source = "git+https://github.com/cybergeek94/img_hash.git#b6122e55528c174b214056513431f83ec5e86f0a"
dependencies = [
 "image 0.2.0-alpha.2 (git+https://github.com/PistonDevelopers/image.git)",
]

[[package]]
name = "time"
version = "0.1.1"
source = "git+https://github.com/rust-lang/time.git#c1c02adb74c6d9424541ae88ceb61de698b10eeb"
dependencies = [
 "gcc 0.1.0 (git+https://github.com/alexcrichton/gcc-rs)",
]

