[root]
name = "img-dup"
version = "0.1.0"
dependencies = [
 "image 0.0.0 (git+https://github.com/PistonDevelopers/rust-image.git#1fa785249a87370e23a3cebee04cf2e548761fd4)",
]

[[package]]
name = "image"
version = "0.0.0"
source = "git+https://github.com/PistonDevelopers/rust-image.git#1fa785249a87370e23a3cebee04cf2e548761fd4"

