[root]
name = "img-dup"
version = "0.3.0"
dependencies = [
 "conrod 0.0.0 (git+https://github.com/PistonDevelopers/conrod)",
 "file_dialog 0.0.1 (git+https://github.com/cybergeek94/file_dialog)",
 "img_hash 0.0.3 (git+https://github.com/cybergeek94/img_hash)",
 "pistoncore-sdl2_window 0.0.0 (git+https://github.com/PistonDevelopers/sdl2_window)",
 "time 0.1.2 (git+https://github.com/rust-lang/time)",
]

[[package]]
name = "conrod"
version = "0.0.0"
source = "git+https://github.com/PistonDevelopers/conrod#b1b0552c4bb57be81cb9f1b08e8331dbf2017c37"
dependencies = [
 "freetype-rs 0.0.1 (git+https://github.com/PistonDevelopers/freetype-rs.git)",
 "piston2d-graphics 0.0.1 (git+https://github.com/PistonDevelopers/graphics.git)",
 "piston2d-opengl_graphics 0.0.0 (git+https://github.com/PistonDevelopers/opengl_graphics.git)",
 "pistoncore-event 0.0.1 (git+https://github.com/PistonDevelopers/event)",
 "pistoncore-input 0.0.1 (git+https://github.com/pistondevelopers/input)",
 "vecmath 0.0.1 (git+https://github.com/PistonDevelopers/vecmath.git)",
]

[[package]]
name = "file_dialog"
version = "0.0.1"
source = "git+https://github.com/cybergeek94/file_dialog#eb1e2551c73554b6f5c83cb53b56b877d367766b"
dependencies = [
 "conrod 0.0.0 (git+https://github.com/PistonDevelopers/conrod)",
]

[[package]]
name = "freetype-rs"
version = "0.0.1"
source = "git+https://github.com/PistonDevelopers/freetype-rs.git#3b7e913b7b6883c488cfee1e56c7be4bfa9fef09"
dependencies = [
 "freetype-sys 0.0.1 (git+https://github.com/PistonDevelopers/freetype-sys)",
]

[[package]]
name = "freetype-sys"
version = "0.0.1"
source = "git+https://github.com/PistonDevelopers/freetype-sys#852275654805b2d3d03e8978390943823be9643c"
dependencies = [
 "libz-sys 0.1.0 (registry+https://github.com/rust-lang/crates.io-index)",
 "pkg-config 0.1.1 (registry+https://github.com/rust-lang/crates.io-index)",
]

[[package]]
name = "gcc"
version = "0.1.1"
source = "git+https://github.com/alexcrichton/gcc-rs#d35c34c871dd75f97fadf04cb0ed85d997a9bc0c"

[[package]]
name = "gl"
version = "0.0.2"
source = "git+https://github.com/bjz/gl-rs#a9e95f3dc8b1006256af824fdfecb03302cf9893"
dependencies = [
 "gl_generator 0.0.4 (git+https://github.com/bjz/gl-rs)",
]

[[package]]
name = "gl_common"
version = "0.0.3"
source = "git+https://github.com/bjz/gl-rs#a9e95f3dc8b1006256af824fdfecb03302cf9893"

[[package]]
name = "gl_generator"
version = "0.0.4"
source = "git+https://github.com/bjz/gl-rs#a9e95f3dc8b1006256af824fdfecb03302cf9893"
dependencies = [
 "gl_common 0.0.3 (git+https://github.com/bjz/gl-rs)",
 "khronos_api 0.0.3 (git+https://github.com/bjz/gl-rs)",
 "xml-rs 0.1.3 (registry+https://github.com/rust-lang/crates.io-index)",
]

[[package]]
name = "image"
version = "0.2.0-alpha.3"
source = "git+https://github.com/PistonDevelopers/image.git#b6c6afb5100b15694bf93699c2489f605a3c076b"

[[package]]
name = "img_hash"
version = "0.0.3"
source = "git+https://github.com/cybergeek94/img_hash#c020fff53c393d873322b2d02e6157e66eb9b109"
dependencies = [
 "image 0.2.0-alpha.3 (git+https://github.com/PistonDevelopers/image.git)",
]

[[package]]
name = "khronos_api"
version = "0.0.3"
source = "git+https://github.com/bjz/gl-rs#a9e95f3dc8b1006256af824fdfecb03302cf9893"

[[package]]
name = "libz-sys"
version = "0.1.0"
source = "registry+https://github.com/rust-lang/crates.io-index"
dependencies = [
 "pkg-config 0.1.1 (registry+https://github.com/rust-lang/crates.io-index)",
]

[[package]]
name = "piston-texture"
version = "0.0.1"
source = "git+https://github.com/PistonDevelopers/texture#0380876cec71e384841d5a06ad32cb462c97be20"

[[package]]
name = "piston2d-graphics"
version = "0.0.1"
source = "git+https://github.com/PistonDevelopers/graphics.git#a99f52e3ee8d5d9e5c32da55ff5c90cce4565bc2"
dependencies = [
 "piston-texture 0.0.1 (git+https://github.com/PistonDevelopers/texture)",
 "pistoncore-current 0.0.1 (git+https://github.com/pistondevelopers/current)",
 "read_color 0.0.1 (git+https://github.com/PistonDevelopers/read_color)",
 "vecmath 0.0.1 (git+https://github.com/PistonDevelopers/vecmath.git)",
]

[[package]]
name = "piston2d-opengl_graphics"
version = "0.0.0"
source = "git+https://github.com/PistonDevelopers/opengl_graphics.git#3a793313fc3098153dc6b23d7c4975fbc177a60a"
dependencies = [
 "freetype-rs 0.0.1 (git+https://github.com/PistonDevelopers/freetype-rs.git)",
 "gl 0.0.2 (git+https://github.com/bjz/gl-rs)",
 "image 0.2.0-alpha.3 (git+https://github.com/PistonDevelopers/image.git)",
 "piston-texture 0.0.1 (git+https://github.com/PistonDevelopers/texture)",
 "piston2d-graphics 0.0.1 (git+https://github.com/PistonDevelopers/graphics.git)",
 "shader_version 0.0.0 (git+https://github.com/pistondevelopers/shader_version)",
]

[[package]]
name = "pistoncore-current"
version = "0.0.1"
source = "git+https://github.com/pistondevelopers/current#5a69be838d317833da42a639e162ba8f94da3c8c"

[[package]]
name = "pistoncore-event"
version = "0.0.1"
source = "git+https://github.com/PistonDevelopers/event#8f095d7946d119d04c3547a7a9f403981946a3c8"
dependencies = [
 "pistoncore-current 0.0.1 (git+https://github.com/pistondevelopers/current)",
 "pistoncore-event_loop 0.0.1 (git+https://github.com/pistondevelopers/event_loop)",
 "pistoncore-input 0.0.1 (git+https://github.com/pistondevelopers/input)",
 "pistoncore-window 0.0.1 (git+https://github.com/pistondevelopers/window)",
]

[[package]]
name = "pistoncore-event_loop"
version = "0.0.1"
source = "git+https://github.com/pistondevelopers/event_loop#e194d2ef999184fb4b200182dba0ab7bb1b91313"
dependencies = [
 "pistoncore-current 0.0.1 (git+https://github.com/pistondevelopers/current)",
 "time 0.1.2 (git+https://github.com/rust-lang/time)",
]

[[package]]
name = "pistoncore-input"
version = "0.0.1"
source = "git+https://github.com/pistondevelopers/input#6b314eec14096feae33d8bae113341bd6a9d28a4"

[[package]]
name = "pistoncore-sdl2_window"
version = "0.0.0"
source = "git+https://github.com/PistonDevelopers/sdl2_window#1b2db0c8e891507d51eb062c0ef4b921f13f7741"
dependencies = [
 "gl 0.0.2 (git+https://github.com/bjz/gl-rs)",
 "pistoncore-input 0.0.1 (git+https://github.com/pistondevelopers/input)",
 "pistoncore-window 0.0.1 (git+https://github.com/pistondevelopers/window)",
 "sdl2 0.0.10 (git+https://github.com/AngryLawyer/rust-sdl2)",
 "shader_version 0.0.0 (git+https://github.com/pistondevelopers/shader_version)",
]

[[package]]
name = "pistoncore-window"
version = "0.0.1"
source = "git+https://github.com/pistondevelopers/window#9e281b62aa3292d9554044ee846264783e3212da"
dependencies = [
 "pistoncore-current 0.0.1 (git+https://github.com/pistondevelopers/current)",
 "pistoncore-event_loop 0.0.1 (git+https://github.com/pistondevelopers/event_loop)",
 "pistoncore-input 0.0.1 (git+https://github.com/pistondevelopers/input)",
]

[[package]]
name = "pkg-config"
version = "0.1.1"
source = "registry+https://github.com/rust-lang/crates.io-index"

[[package]]
name = "read_color"
version = "0.0.1"
source = "git+https://github.com/PistonDevelopers/read_color#3341ae05529048810206377310048403e13de3a4"

[[package]]
name = "sdl2"
version = "0.0.10"
source = "git+https://github.com/AngryLawyer/rust-sdl2#2443bab12097018505dbb303a5fb70e86afa9bab"

[[package]]
name = "shader_version"
version = "0.0.0"
source = "git+https://github.com/pistondevelopers/shader_version#d06e44721e837d0d016cbe10872a9c9faa65f964"

[[package]]
name = "time"
version = "0.1.2"
source = "git+https://github.com/rust-lang/time#0e9230893ef6508f26fb270001e387fd680ef07d"
dependencies = [
 "gcc 0.1.1 (git+https://github.com/alexcrichton/gcc-rs)",
]

[[package]]
name = "vecmath"
version = "0.0.1"
source = "git+https://github.com/PistonDevelopers/vecmath.git#23830f2b9eb9a3eb118173680984673adef2d4bb"

[[package]]
name = "xml-rs"
version = "0.1.3"
source = "registry+https://github.com/rust-lang/crates.io-index"

